
Microsoft Visual Studio Solution File, Format Version 12.00
# Visual Studio 14
VisualStudioVersion = 14.0.25420.1
MinimumVisualStudioVersion = 10.0.40219.1
Project("{FAE04EC0-301F-11D3-BF4B-00C04F79EFBC}") = "Kmo.Ui.Desktop", "Kmo.Ui.Desktop.csproj", "{F2245B92-EC4A-47D3-9CC4-D2AD90F548B1}"
EndProject
Project("{2150E333-8FDC-42A3-9474-1A3956D46DE8}") = "_DATALAYER", "_DATALAYER", "{8D6495AE-A653-4C5C-A0B4-4870E931860F}"
EndProject
Project("{2150E333-8FDC-42A3-9474-1A3956D46DE8}") = "_MODULES", "_MODULES", "{DEF0401C-E7C5-4DD8-9951-C5E39585D1FB}"
EndProject
Project("{2150E333-8FDC-42A3-9474-1A3956D46DE8}") = "_LIBS", "_LIBS", "{6D49E840-79E1-483D-A62A-B124317EF072}"
EndProject
Project("{2150E333-8FDC-42A3-9474-1A3956D46DE8}") = "_PRESENTATION", "_PRESENTATION", "{DED9A0C0-5BD8-436D-BE9D-3FA8CD967BDE}"
EndProject
Project("{FAE04EC0-301F-11D3-BF4B-00C04F79EFBC}") = "Kmo.Libs", "..\..\_LIBS\Kmo.Libs\Kmo.Libs.csproj", "{BCE3DA02-22D3-4EFC-9592-DF7236A4A509}"
EndProject
Project("{2150E333-8FDC-42A3-9474-1A3956D46DE8}") = "650-SYS", "650-SYS", "{B1766498-1BBA-46DD-9DA6-780170EF8C97}"
EndProject
Project("{FAE04EC0-301F-11D3-BF4B-00C04F79EFBC}") = "Kmo.Modules.650-SYS.ModuleManagement", "..\..\_MODULES\650-SYS\Kmo.Modules.650-SYS.ModuleManagement\Kmo.Modules.650-SYS.ModuleManagement.csproj", "{4FFFC3D9-73CB-4DC5-ADAE-B8D4B0E4EAB6}"
EndProject
Project("{FAE04EC0-301F-11D3-BF4B-00C04F79EFBC}") = "Kmo.Models", "..\..\_DATALAYER\Kmo.Models\Kmo.Models.csproj", "{EE4BB2B6-5C94-40A5-9D7B-B8938C47D143}"
EndProject
Project("{FAE04EC0-301F-11D3-BF4B-00C04F79EFBC}") = "Kmo.Services", "..\..\_LIBS\Kmo.Services\Kmo.Services.csproj", "{8B8086FB-8AAE-48CB-8B32-26EF79AED800}"
EndProject
Project("{2150E333-8FDC-42A3-9474-1A3956D46DE8}") = "TEMP", "TEMP", "{3C3C17ED-1537-4D80-BAC8-E9AF493FE7D5}"
EndProject
Project("{FAE04EC0-301F-11D3-BF4B-00C04F79EFBC}") = "Kmo.Modules.650-SYS.LibraryManagement", "..\..\_MODULES\650-SYS\Kmo.Modules.650-SYS.LibraryManagement\Kmo.Modules.650-SYS.LibraryManagement.csproj", "{12505CFB-799F-4E2E-9B93-E50840BE64AF}"
EndProject
Project("{FAE04EC0-301F-11D3-BF4B-00C04F79EFBC}") = "Kmo.Modules.650-SYS.UserManagement", "..\..\_MODULES\650-SYS\Kmo.Modules.650-SYS.UserManagement\Kmo.Modules.650-SYS.UserManagement.csproj", "{43BA4043-E4BE-414D-8512-F07474B5FDC2}"
EndProject
Project("{FAE04EC0-301F-11D3-BF4B-00C04F79EFBC}") = "Kmo.Modules.650-SYS.SystemParameters", "..\..\_MODULES\650-SYS\Kmo.Modules.650-SYS.SystemParameters\Kmo.Modules.650-SYS.SystemParameters.csproj", "{19410E56-8C40-41E1-9EE9-D338812C9DF0}"
EndProject
Project("{FAE04EC0-301F-11D3-BF4B-00C04F79EFBC}") = "Kmo.Modules.650-SYS.DocumentAndReport", "..\..\_MODULES\650-SYS\Kmo.Modules.650-SYS.DocumentAndReport\Kmo.Modules.650-SYS.DocumentAndReport.csproj", "{6D7C4DD0-1F91-4B0C-8D28-7CEEA88F8050}"
EndProject
Project("{2150E333-8FDC-42A3-9474-1A3956D46DE8}") = "810-BDC", "810-BDC", "{7E9C71D4-DBB3-4191-AEF7-C452A7798D86}"
EndProject
Project("{FAE04EC0-301F-11D3-BF4B-00C04F79EFBC}") = "Kmo.Modules.810-BDC.SuiteAvailabilityStatus", "..\..\_MODULES\810-BDC\Kmo.Modules.810-BDC.SuiteAvailabilityStatus\Kmo.Modules.810-BDC.SuiteAvailabilityStatus.csproj", "{436AA9DF-B230-49F6-B143-37B8A6833D82}"
EndProject
Project("{FAE04EC0-301F-11D3-BF4B-00C04F79EFBC}") = "Kmo.Ui.DesktopFramework", "..\Kmo.Ui.DesktopFramework\Kmo.Ui.DesktopFramework.csproj", "{5186ECF5-012C-4FE3-9A07-81B40DD9774D}"
EndProject
Project("{2150E333-8FDC-42A3-9474-1A3956D46DE8}") = "300-PMM", "300-PMM", "{8DDA6B6D-D9C2-49F3-BFF8-F8A6E3BE1991}"
EndProject
Project("{FAE04EC0-301F-11D3-BF4B-00C04F79EFBC}") = "Kmo.Modules.300-PMM.UtlEcd", "..\..\_MODULES\300-PMM\Kmo.Modules.300-PMM.UtlEcd\Kmo.Modules.300-PMM.UtlEcd.csproj", "{75F3EA10-96D4-4670-A4B6-C87ED8FF25CA}"
EndProject
Project("{2150E333-8FDC-42A3-9474-1A3956D46DE8}") = "800-BDM", "800-BDM", "{8C2CABEC-2B9E-42B3-B300-705313FEAF45}"
EndProject
Project("{FAE04EC0-301F-11D3-BF4B-00C04F79EFBC}") = "Kmo.Modules.800-BDM.ClientFactSheet", "..\..\_MODULES\800-BDM\Kmo.Modules.800-BDM.ClientFactSheet\Kmo.Modules.800-BDM.ClientFactSheet.csproj", "{67816FB2-1144-48B1-85EE-A56AE7EC3C84}"
EndProject
Project("{2150E333-8FDC-42A3-9474-1A3956D46DE8}") = "900-CEO", "900-CEO", "{A3F23EB4-F1A1-48CE-B1FA-AEC3F322FA68}"
EndProject
Project("{FAE04EC0-301F-11D3-BF4B-00C04F79EFBC}") = "Kmo.Modules.900-CEO.LetterOfOffer", "..\..\_MODULES\900-CEO\Kmo.Modules.900-CEO.LetterOfOffer\Kmo.Modules.900-CEO.LetterOfOffer.csproj", "{7B711C02-C5CF-49FC-9639-C79C3AC2AC29}"
EndProject
Global
	GlobalSection(SolutionConfigurationPlatforms) = preSolution
		Debug|Any CPU = Debug|Any CPU
		Release|Any CPU = Release|Any CPU
	EndGlobalSection
	GlobalSection(ProjectConfigurationPlatforms) = postSolution
		{F2245B92-EC4A-47D3-9CC4-D2AD90F548B1}.Debug|Any CPU.ActiveCfg = Debug|Any CPU
		{F2245B92-EC4A-47D3-9CC4-D2AD90F548B1}.Debug|Any CPU.Build.0 = Debug|Any CPU
		{F2245B92-EC4A-47D3-9CC4-D2AD90F548B1}.Release|Any CPU.ActiveCfg = Release|Any CPU
		{F2245B92-EC4A-47D3-9CC4-D2AD90F548B1}.Release|Any CPU.Build.0 = Release|Any CPU
		{BCE3DA02-22D3-4EFC-9592-DF7236A4A509}.Debug|Any CPU.ActiveCfg = Debug|Any CPU
		{BCE3DA02-22D3-4EFC-9592-DF7236A4A509}.Debug|Any CPU.Build.0 = Debug|Any CPU
		{BCE3DA02-22D3-4EFC-9592-DF7236A4A509}.Release|Any CPU.ActiveCfg = Release|Any CPU
		{BCE3DA02-22D3-4EFC-9592-DF7236A4A509}.Release|Any CPU.Build.0 = Release|Any CPU
		{4FFFC3D9-73CB-4DC5-ADAE-B8D4B0E4EAB6}.Debug|Any CPU.ActiveCfg = Debug|Any CPU
		{4FFFC3D9-73CB-4DC5-ADAE-B8D4B0E4EAB6}.Debug|Any CPU.Build.0 = Debug|Any CPU
		{4FFFC3D9-73CB-4DC5-ADAE-B8D4B0E4EAB6}.Release|Any CPU.ActiveCfg = Release|Any CPU
		{4FFFC3D9-73CB-4DC5-ADAE-B8D4B0E4EAB6}.Release|Any CPU.Build.0 = Release|Any CPU
		{EE4BB2B6-5C94-40A5-9D7B-B8938C47D143}.Debug|Any CPU.ActiveCfg = Debug|Any CPU
		{EE4BB2B6-5C94-40A5-9D7B-B8938C47D143}.Debug|Any CPU.Build.0 = Debug|Any CPU
		{EE4BB2B6-5C94-40A5-9D7B-B8938C47D143}.Release|Any CPU.ActiveCfg = Release|Any CPU
		{EE4BB2B6-5C94-40A5-9D7B-B8938C47D143}.Release|Any CPU.Build.0 = Release|Any CPU
		{8B8086FB-8AAE-48CB-8B32-26EF79AED800}.Debug|Any CPU.ActiveCfg = Debug|Any CPU
		{8B8086FB-8AAE-48CB-8B32-26EF79AED800}.Debug|Any CPU.Build.0 = Debug|Any CPU
		{8B8086FB-8AAE-48CB-8B32-26EF79AED800}.Release|Any CPU.ActiveCfg = Release|Any CPU
		{8B8086FB-8AAE-48CB-8B32-26EF79AED800}.Release|Any CPU.Build.0 = Release|Any CPU
		{12505CFB-799F-4E2E-9B93-E50840BE64AF}.Debug|Any CPU.ActiveCfg = Debug|Any CPU
		{12505CFB-799F-4E2E-9B93-E50840BE64AF}.Debug|Any CPU.Build.0 = Debug|Any CPU
		{12505CFB-799F-4E2E-9B93-E50840BE64AF}.Release|Any CPU.ActiveCfg = Release|Any CPU
		{12505CFB-799F-4E2E-9B93-E50840BE64AF}.Release|Any CPU.Build.0 = Release|Any CPU
		{43BA4043-E4BE-414D-8512-F07474B5FDC2}.Debug|Any CPU.ActiveCfg = Debug|Any CPU
		{43BA4043-E4BE-414D-8512-F07474B5FDC2}.Debug|Any CPU.Build.0 = Debug|Any CPU
		{43BA4043-E4BE-414D-8512-F07474B5FDC2}.Release|Any CPU.ActiveCfg = Release|Any CPU
		{43BA4043-E4BE-414D-8512-F07474B5FDC2}.Release|Any CPU.Build.0 = Release|Any CPU
		{19410E56-8C40-41E1-9EE9-D338812C9DF0}.Debug|Any CPU.ActiveCfg = Debug|Any CPU
		{19410E56-8C40-41E1-9EE9-D338812C9DF0}.Debug|Any CPU.Build.0 = Debug|Any CPU
		{19410E56-8C40-41E1-9EE9-D338812C9DF0}.Release|Any CPU.ActiveCfg = Release|Any CPU
		{19410E56-8C40-41E1-9EE9-D338812C9DF0}.Release|Any CPU.Build.0 = Release|Any CPU
		{6D7C4DD0-1F91-4B0C-8D28-7CEEA88F8050}.Debug|Any CPU.ActiveCfg = Debug|Any CPU
		{6D7C4DD0-1F91-4B0C-8D28-7CEEA88F8050}.Debug|Any CPU.Build.0 = Debug|Any CPU
		{6D7C4DD0-1F91-4B0C-8D28-7CEEA88F8050}.Release|Any CPU.ActiveCfg = Release|Any CPU
		{6D7C4DD0-1F91-4B0C-8D28-7CEEA88F8050}.Release|Any CPU.Build.0 = Release|Any CPU
		{436AA9DF-B230-49F6-B143-37B8A6833D82}.Debug|Any CPU.ActiveCfg = Debug|Any CPU
		{436AA9DF-B230-49F6-B143-37B8A6833D82}.Debug|Any CPU.Build.0 = Debug|Any CPU
		{436AA9DF-B230-49F6-B143-37B8A6833D82}.Release|Any CPU.ActiveCfg = Release|Any CPU
		{436AA9DF-B230-49F6-B143-37B8A6833D82}.Release|Any CPU.Build.0 = Release|Any CPU
		{5186ECF5-012C-4FE3-9A07-81B40DD9774D}.Debug|Any CPU.ActiveCfg = Debug|Any CPU
		{5186ECF5-012C-4FE3-9A07-81B40DD9774D}.Debug|Any CPU.Build.0 = Debug|Any CPU
		{5186ECF5-012C-4FE3-9A07-81B40DD9774D}.Release|Any CPU.ActiveCfg = Release|Any CPU
		{5186ECF5-012C-4FE3-9A07-81B40DD9774D}.Release|Any CPU.Build.0 = Release|Any CPU
		{75F3EA10-96D4-4670-A4B6-C87ED8FF25CA}.Debug|Any CPU.ActiveCfg = Debug|Any CPU
		{75F3EA10-96D4-4670-A4B6-C87ED8FF25CA}.Debug|Any CPU.Build.0 = Debug|Any CPU
		{75F3EA10-96D4-4670-A4B6-C87ED8FF25CA}.Release|Any CPU.ActiveCfg = Release|Any CPU
		{75F3EA10-96D4-4670-A4B6-C87ED8FF25CA}.Release|Any CPU.Build.0 = Release|Any CPU
		{67816FB2-1144-48B1-85EE-A56AE7EC3C84}.Debug|Any CPU.ActiveCfg = Debug|Any CPU
		{67816FB2-1144-48B1-85EE-A56AE7EC3C84}.Debug|Any CPU.Build.0 = Debug|Any CPU
		{67816FB2-1144-48B1-85EE-A56AE7EC3C84}.Release|Any CPU.ActiveCfg = Release|Any CPU
		{67816FB2-1144-48B1-85EE-A56AE7EC3C84}.Release|Any CPU.Build.0 = Release|Any CPU
		{7B711C02-C5CF-49FC-9639-C79C3AC2AC29}.Debug|Any CPU.ActiveCfg = Debug|Any CPU
		{7B711C02-C5CF-49FC-9639-C79C3AC2AC29}.Debug|Any CPU.Build.0 = Debug|Any CPU
		{7B711C02-C5CF-49FC-9639-C79C3AC2AC29}.Release|Any CPU.ActiveCfg = Release|Any CPU
		{7B711C02-C5CF-49FC-9639-C79C3AC2AC29}.Release|Any CPU.Build.0 = Release|Any CPU
	EndGlobalSection
	GlobalSection(SolutionProperties) = preSolution
		HideSolutionNode = FALSE
	EndGlobalSection
	GlobalSection(NestedProjects) = preSolution
		{F2245B92-EC4A-47D3-9CC4-D2AD90F548B1} = {DED9A0C0-5BD8-436D-BE9D-3FA8CD967BDE}
		{BCE3DA02-22D3-4EFC-9592-DF7236A4A509} = {6D49E840-79E1-483D-A62A-B124317EF072}
		{B1766498-1BBA-46DD-9DA6-780170EF8C97} = {DEF0401C-E7C5-4DD8-9951-C5E39585D1FB}
		{4FFFC3D9-73CB-4DC5-ADAE-B8D4B0E4EAB6} = {B1766498-1BBA-46DD-9DA6-780170EF8C97}
		{EE4BB2B6-5C94-40A5-9D7B-B8938C47D143} = {8D6495AE-A653-4C5C-A0B4-4870E931860F}
		{8B8086FB-8AAE-48CB-8B32-26EF79AED800} = {6D49E840-79E1-483D-A62A-B124317EF072}
		{12505CFB-799F-4E2E-9B93-E50840BE64AF} = {B1766498-1BBA-46DD-9DA6-780170EF8C97}
		{43BA4043-E4BE-414D-8512-F07474B5FDC2} = {B1766498-1BBA-46DD-9DA6-780170EF8C97}
		{19410E56-8C40-41E1-9EE9-D338812C9DF0} = {B1766498-1BBA-46DD-9DA6-780170EF8C97}
		{6D7C4DD0-1F91-4B0C-8D28-7CEEA88F8050} = {B1766498-1BBA-46DD-9DA6-780170EF8C97}
		{7E9C71D4-DBB3-4191-AEF7-C452A7798D86} = {DEF0401C-E7C5-4DD8-9951-C5E39585D1FB}
		{436AA9DF-B230-49F6-B143-37B8A6833D82} = {7E9C71D4-DBB3-4191-AEF7-C452A7798D86}
		{5186ECF5-012C-4FE3-9A07-81B40DD9774D} = {DED9A0C0-5BD8-436D-BE9D-3FA8CD967BDE}
		{8DDA6B6D-D9C2-49F3-BFF8-F8A6E3BE1991} = {DEF0401C-E7C5-4DD8-9951-C5E39585D1FB}
		{75F3EA10-96D4-4670-A4B6-C87ED8FF25CA} = {8DDA6B6D-D9C2-49F3-BFF8-F8A6E3BE1991}
		{8C2CABEC-2B9E-42B3-B300-705313FEAF45} = {DEF0401C-E7C5-4DD8-9951-C5E39585D1FB}
		{67816FB2-1144-48B1-85EE-A56AE7EC3C84} = {8C2CABEC-2B9E-42B3-B300-705313FEAF45}
		{A3F23EB4-F1A1-48CE-B1FA-AEC3F322FA68} = {DEF0401C-E7C5-4DD8-9951-C5E39585D1FB}
		{7B711C02-C5CF-49FC-9639-C79C3AC2AC29} = {A3F23EB4-F1A1-48CE-B1FA-AEC3F322FA68}
	EndGlobalSection
EndGlobal
